{
  "name": "mandate-portal",
  "version": "1.0.0",
  "lockfileVersion": 3,
  "requires": true,
  "packages": {
    "": {
      "name": "mandate-portal",
      "version": "1.0.0",
      "license": "ISC",
      "dependencies": {
        "@stackoverflow/stacks-icons": "^6.4.0"
      }
    },
    "node_modules/@stackoverflow/stacks-icons": {
      "version": "6.4.0",
      "resolved": "https://registry.npmjs.org/@stackoverflow/stacks-icons/-/stacks-icons-6.4.0.tgz",
      "integrity": "sha512-dhbiUoxPMLgOOb4fUt5ddMNUouWPaO+QWnOShWw0fP33oFMcyPXM4f7nBYGmWAd6zKcKwR0FkJUAN45okpZv0g==",
      "license": "MIT"
    }
  }
}
